
Microsoft Visual Studio Solution File, Format Version 12.00
# Visual Studio Version 17
VisualStudioVersion = 17.11.35222.181
MinimumVisualStudioVersion = 10.0.40219.1
Project("{FAE04EC0-301F-11D3-BF4B-00C04F79EFBC}") = "MVC-Webserver", "MVC-Webserver\MVC-Webserver.csproj", "{35773581-F74C-48C7-A4E7-4A5CBA931C1A}"
EndProject
Global
	GlobalSection(SolutionConfigurationPlatforms) = preSolution
		Debug|Any CPU = Debug|Any CPU
		Release|Any CPU = Release|Any CPU
	EndGlobalSection
	GlobalSection(ProjectConfigurationPlatforms) = postSolution
		{35773581-F74C-48C7-A4E7-4A5CBA931C1A}.Debug|Any CPU.ActiveCfg = Debug|Any CPU
		{35773581-F74C-48C7-A4E7-4A5CBA931C1A}.Debug|Any CPU.Build.0 = Debug|Any CPU
		{35773581-F74C-48C7-A4E7-4A5CBA931C1A}.Release|Any CPU.ActiveCfg = Release|Any CPU
		{35773581-F74C-48C7-A4E7-4A5CBA931C1A}.Release|Any CPU.Build.0 = Release|Any CPU
	EndGlobalSection
	GlobalSection(SolutionProperties) = preSolution
		HideSolutionNode = FALSE
	EndGlobalSection
	GlobalSection(ExtensibilityGlobals) = postSolution
		SolutionGuid = {DEB154C1-A21B-4FB5-BAAB-FCBB08831914}
	EndGlobalSection
EndGlobal
