
Microsoft Visual Studio Solution File, Format Version 12.00
# Visual Studio Version 17
VisualStudioVersion = 17.11.35222.181
MinimumVisualStudioVersion = 10.0.40219.1
Project("{FAE04EC0-301F-11D3-BF4B-00C04F79EFBC}") = "API", "API\API.csproj", "{05E1BEF5-DEE9-4166-A39E-9BD6490D43AD}"
EndProject
Project("{FAE04EC0-301F-11D3-BF4B-00C04F79EFBC}") = "API.Test", "API.Test\API.Test.csproj", "{44A3555E-CBD1-4FA7-B4E8-50CEE5D63959}"
EndProject
Global
	GlobalSection(SolutionConfigurationPlatforms) = preSolution
		Debug|Any CPU = Debug|Any CPU
		Release|Any CPU = Release|Any CPU
	EndGlobalSection
	GlobalSection(ProjectConfigurationPlatforms) = postSolution
		{05E1BEF5-DEE9-4166-A39E-9BD6490D43AD}.Debug|Any CPU.ActiveCfg = Debug|Any CPU
		{05E1BEF5-DEE9-4166-A39E-9BD6490D43AD}.Debug|Any CPU.Build.0 = Debug|Any CPU
		{05E1BEF5-DEE9-4166-A39E-9BD6490D43AD}.Release|Any CPU.ActiveCfg = Release|Any CPU
		{05E1BEF5-DEE9-4166-A39E-9BD6490D43AD}.Release|Any CPU.Build.0 = Release|Any CPU
		{44A3555E-CBD1-4FA7-B4E8-50CEE5D63959}.Debug|Any CPU.ActiveCfg = Debug|Any CPU
		{44A3555E-CBD1-4FA7-B4E8-50CEE5D63959}.Debug|Any CPU.Build.0 = Debug|Any CPU
		{44A3555E-CBD1-4FA7-B4E8-50CEE5D63959}.Release|Any CPU.ActiveCfg = Release|Any CPU
		{44A3555E-CBD1-4FA7-B4E8-50CEE5D63959}.Release|Any CPU.Build.0 = Release|Any CPU
	EndGlobalSection
	GlobalSection(SolutionProperties) = preSolution
		HideSolutionNode = FALSE
	EndGlobalSection
	GlobalSection(ExtensibilityGlobals) = postSolution
		SolutionGuid = {7F08D0C0-A418-445D-A566-E314D595F0C9}
	EndGlobalSection
EndGlobal
